
Microsoft Visual Studio Solution File, Format Version 12.00
# Visual Studio Version 16
VisualStudioVersion = 16.0.30114.105
MinimumVisualStudioVersion = 10.0.40219.1
Project("{2150E333-8FDC-42A3-9474-1A3956D46DE8}") = "src", "src", "{27ACCE4A-67D5-4E82-B801-F001D61652EA}"
EndProject
Project("{FAE04EC0-301F-11D3-BF4B-00C04F79EFBC}") = "GradeBook", "src\GradeBook\GradeBook.csproj", "{A1ACB34F-9804-4B8F-AE65-BF214E944B76}"
EndProject
Project("{2150E333-8FDC-42A3-9474-1A3956D46DE8}") = "test", "test", "{36AEAE96-4E1C-4A9A-9E12-E2458381A767}"
EndProject
Project("{FAE04EC0-301F-11D3-BF4B-00C04F79EFBC}") = "GradeBook.Tests", "test\GradeBook.Tests\GradeBook.Tests.csproj", "{0FD1C724-270E-49A9-9F23-16D30FB5EAF2}"
EndProject
Global
	GlobalSection(SolutionConfigurationPlatforms) = preSolution
		Debug|Any CPU = Debug|Any CPU
		Debug|x64 = Debug|x64
		Debug|x86 = Debug|x86
		Release|Any CPU = Release|Any CPU
		Release|x64 = Release|x64
		Release|x86 = Release|x86
	EndGlobalSection
	GlobalSection(SolutionProperties) = preSolution
		HideSolutionNode = FALSE
	EndGlobalSection
	GlobalSection(ProjectConfigurationPlatforms) = postSolution
		{A1ACB34F-9804-4B8F-AE65-BF214E944B76}.Debug|Any CPU.ActiveCfg = Debug|Any CPU
		{A1ACB34F-9804-4B8F-AE65-BF214E944B76}.Debug|Any CPU.Build.0 = Debug|Any CPU
		{A1ACB34F-9804-4B8F-AE65-BF214E944B76}.Debug|x64.ActiveCfg = Debug|Any CPU
		{A1ACB34F-9804-4B8F-AE65-BF214E944B76}.Debug|x64.Build.0 = Debug|Any CPU
		{A1ACB34F-9804-4B8F-AE65-BF214E944B76}.Debug|x86.ActiveCfg = Debug|Any CPU
		{A1ACB34F-9804-4B8F-AE65-BF214E944B76}.Debug|x86.Build.0 = Debug|Any CPU
		{A1ACB34F-9804-4B8F-AE65-BF214E944B76}.Release|Any CPU.ActiveCfg = Release|Any CPU
		{A1ACB34F-9804-4B8F-AE65-BF214E944B76}.Release|Any CPU.Build.0 = Release|Any CPU
		{A1ACB34F-9804-4B8F-AE65-BF214E944B76}.Release|x64.ActiveCfg = Release|Any CPU
		{A1ACB34F-9804-4B8F-AE65-BF214E944B76}.Release|x64.Build.0 = Release|Any CPU
		{A1ACB34F-9804-4B8F-AE65-BF214E944B76}.Release|x86.ActiveCfg = Release|Any CPU
		{A1ACB34F-9804-4B8F-AE65-BF214E944B76}.Release|x86.Build.0 = Release|Any CPU
		{0FD1C724-270E-49A9-9F23-16D30FB5EAF2}.Debug|Any CPU.ActiveCfg = Debug|Any CPU
		{0FD1C724-270E-49A9-9F23-16D30FB5EAF2}.Debug|Any CPU.Build.0 = Debug|Any CPU
		{0FD1C724-270E-49A9-9F23-16D30FB5EAF2}.Debug|x64.ActiveCfg = Debug|Any CPU
		{0FD1C724-270E-49A9-9F23-16D30FB5EAF2}.Debug|x64.Build.0 = Debug|Any CPU
		{0FD1C724-270E-49A9-9F23-16D30FB5EAF2}.Debug|x86.ActiveCfg = Debug|Any CPU
		{0FD1C724-270E-49A9-9F23-16D30FB5EAF2}.Debug|x86.Build.0 = Debug|Any CPU
		{0FD1C724-270E-49A9-9F23-16D30FB5EAF2}.Release|Any CPU.ActiveCfg = Release|Any CPU
		{0FD1C724-270E-49A9-9F23-16D30FB5EAF2}.Release|Any CPU.Build.0 = Release|Any CPU
		{0FD1C724-270E-49A9-9F23-16D30FB5EAF2}.Release|x64.ActiveCfg = Release|Any CPU
		{0FD1C724-270E-49A9-9F23-16D30FB5EAF2}.Release|x64.Build.0 = Release|Any CPU
		{0FD1C724-270E-49A9-9F23-16D30FB5EAF2}.Release|x86.ActiveCfg = Release|Any CPU
		{0FD1C724-270E-49A9-9F23-16D30FB5EAF2}.Release|x86.Build.0 = Release|Any CPU
	EndGlobalSection
	GlobalSection(NestedProjects) = preSolution
		{A1ACB34F-9804-4B8F-AE65-BF214E944B76} = {27ACCE4A-67D5-4E82-B801-F001D61652EA}
		{0FD1C724-270E-49A9-9F23-16D30FB5EAF2} = {36AEAE96-4E1C-4A9A-9E12-E2458381A767}
	EndGlobalSection
EndGlobal
